// !$*UTF8*$!
{
	archiveVersion = 1;
	classes = {
	};
	objectVersion = 46;
	objects = {

/* Begin PBXBuildFile section */
		3147165D377F9DD8FCD32374 /* Pods_swift_blackjackTests.framework in Frameworks */ = {isa = PBXBuildFile; fileRef = F7B0612B134632F9DFCB7425 /* Pods_swift_blackjackTests.framework */; };
		4D0105781BCEA255005224A6 /* AppDelegate.swift in Sources */ = {isa = PBXBuildFile; fileRef = 4D0105771BCEA255005224A6 /* AppDelegate.swift */; };
		4D01057D1BCEA255005224A6 /* Main.storyboard in Resources */ = {isa = PBXBuildFile; fileRef = 4D01057B1BCEA255005224A6 /* Main.storyboard */; };
		4D01057F1BCEA255005224A6 /* Assets.xcassets in Resources */ = {isa = PBXBuildFile; fileRef = 4D01057E1BCEA255005224A6 /* Assets.xcassets */; };
		4D0105821BCEA255005224A6 /* LaunchScreen.storyboard in Resources */ = {isa = PBXBuildFile; fileRef = 4D0105801BCEA255005224A6 /* LaunchScreen.storyboard */; };
		4D01058D1BCEA255005224A6 /* swift_blackjackTests.swift in Sources */ = {isa = PBXBuildFile; fileRef = 4D01058C1BCEA255005224A6 /* swift_blackjackTests.swift */; };
		4D0105981BCEA255005224A6 /* swift_blackjackUITests.swift in Sources */ = {isa = PBXBuildFile; fileRef = 4D0105971BCEA255005224A6 /* swift_blackjackUITests.swift */; };
		4D0105A61BCEA5B6005224A6 /* Card.swift in Sources */ = {isa = PBXBuildFile; fileRef = 4D0105A51BCEA5B6005224A6 /* Card.swift */; settings = {ASSET_TAGS = (); }; };
		4D0105A81BCECCBD005224A6 /* Deck.swift in Sources */ = {isa = PBXBuildFile; fileRef = 4D0105A71BCECCBD005224A6 /* Deck.swift */; settings = {ASSET_TAGS = (); }; };
		4D0105AC1BCEE541005224A6 /* House.swift in Sources */ = {isa = PBXBuildFile; fileRef = 4D0105AB1BCEE541005224A6 /* House.swift */; settings = {ASSET_TAGS = (); }; };
		4D0105AE1BCEE5DB005224A6 /* Player.swift in Sources */ = {isa = PBXBuildFile; fileRef = 4D0105AD1BCEE5DB005224A6 /* Player.swift */; settings = {ASSET_TAGS = (); }; };
		4D0105B01BCF2C6E005224A6 /* Dealer.swift in Sources */ = {isa = PBXBuildFile; fileRef = 4D0105AF1BCF2C6E005224A6 /* Dealer.swift */; settings = {ASSET_TAGS = (); }; };
		4D0105B21BCF86C4005224A6 /* CardSpec.swift in Sources */ = {isa = PBXBuildFile; fileRef = 4D0105B11BCF86C3005224A6 /* CardSpec.swift */; settings = {ASSET_TAGS = (); }; };
		4DCB73561BCFE399004BD6FE /* DeckSpec.swift in Sources */ = {isa = PBXBuildFile; fileRef = 4DCB73551BCFE399004BD6FE /* DeckSpec.swift */; settings = {ASSET_TAGS = (); }; };
		F00103A6E965E956916C86CA /* Pods_swift_blackjackUITests.framework in Frameworks */ = {isa = PBXBuildFile; fileRef = B4A420B62E84DF16B0409DDC /* Pods_swift_blackjackUITests.framework */; };
/* End PBXBuildFile section */

/* Begin PBXContainerItemProxy section */
		4D0105891BCEA255005224A6 /* PBXContainerItemProxy */ = {
			isa = PBXContainerItemProxy;
			containerPortal = 4D01056C1BCEA255005224A6 /* Project object */;
			proxyType = 1;
			remoteGlobalIDString = 4D0105731BCEA255005224A6;
			remoteInfo = "swift-blackjack";
		};
		4D0105941BCEA255005224A6 /* PBXContainerItemProxy */ = {
			isa = PBXContainerItemProxy;
			containerPortal = 4D01056C1BCEA255005224A6 /* Project object */;
			proxyType = 1;
			remoteGlobalIDString = 4D0105731BCEA255005224A6;
			remoteInfo = "swift-blackjack";
		};
/* End PBXContainerItemProxy section */

/* Begin PBXFileReference section */
		21C1781C9D3CF1E31C22AA0C /* Pods-swift-blackjackUITests.debug.xcconfig */ = {isa = PBXFileReference; includeInIndex = 1; lastKnownFileType = text.xcconfig; name = "Pods-swift-blackjackUITests.debug.xcconfig"; path = "Pods/Target Support Files/Pods-swift-blackjackUITests/Pods-swift-blackjackUITests.debug.xcconfig"; sourceTree = "<group>"; };
		25AA0035E2CEB1FBF9A9C406 /* Pods-swift-blackjackTests.release.xcconfig */ = {isa = PBXFileReference; includeInIndex = 1; lastKnownFileType = text.xcconfig; name = "Pods-swift-blackjackTests.release.xcconfig"; path = "Pods/Target Support Files/Pods-swift-blackjackTests/Pods-swift-blackjackTests.release.xcconfig"; sourceTree = "<group>"; };
		4CD1CC524C2A6DEE231E8B76 /* Pods-swift-blackjackTests.debug.xcconfig */ = {isa = PBXFileReference; includeInIndex = 1; lastKnownFileType = text.xcconfig; name = "Pods-swift-blackjackTests.debug.xcconfig"; path = "Pods/Target Support Files/Pods-swift-blackjackTests/Pods-swift-blackjackTests.debug.xcconfig"; sourceTree = "<group>"; };
		4D0105741BCEA255005224A6 /* swift-blackjack.app */ = {isa = PBXFileReference; explicitFileType = wrapper.application; includeInIndex = 0; path = "swift-blackjack.app"; sourceTree = BUILT_PRODUCTS_DIR; };
		4D0105771BCEA255005224A6 /* AppDelegate.swift */ = {isa = PBXFileReference; lastKnownFileType = sourcecode.swift; path = AppDelegate.swift; sourceTree = "<group>"; };
		4D01057C1BCEA255005224A6 /* Base */ = {isa = PBXFileReference; lastKnownFileType = file.storyboard; name = Base; path = Base.lproj/Main.storyboard; sourceTree = "<group>"; };
		4D01057E1BCEA255005224A6 /* Assets.xcassets */ = {isa = PBXFileReference; lastKnownFileType = folder.assetcatalog; path = Assets.xcassets; sourceTree = "<group>"; };
		4D0105811BCEA255005224A6 /* Base */ = {isa = PBXFileReference; lastKnownFileType = file.storyboard; name = Base; path = Base.lproj/LaunchScreen.storyboard; sourceTree = "<group>"; };
		4D0105831BCEA255005224A6 /* Info.plist */ = {isa = PBXFileReference; lastKnownFileType = text.plist.xml; path = Info.plist; sourceTree = "<group>"; };
		4D0105881BCEA255005224A6 /* swift-blackjackTests.xctest */ = {isa = PBXFileReference; explicitFileType = wrapper.cfbundle; includeInIndex = 0; path = "swift-blackjackTests.xctest"; sourceTree = BUILT_PRODUCTS_DIR; };
		4D01058C1BCEA255005224A6 /* swift_blackjackTests.swift */ = {isa = PBXFileReference; lastKnownFileType = sourcecode.swift; path = swift_blackjackTests.swift; sourceTree = "<group>"; };
		4D01058E1BCEA255005224A6 /* Info.plist */ = {isa = PBXFileReference; lastKnownFileType = text.plist.xml; path = Info.plist; sourceTree = "<group>"; };
		4D0105931BCEA255005224A6 /* swift-blackjackUITests.xctest */ = {isa = PBXFileReference; explicitFileType = wrapper.cfbundle; includeInIndex = 0; path = "swift-blackjackUITests.xctest"; sourceTree = BUILT_PRODUCTS_DIR; };
		4D0105971BCEA255005224A6 /* swift_blackjackUITests.swift */ = {isa = PBXFileReference; lastKnownFileType = sourcecode.swift; path = swift_blackjackUITests.swift; sourceTree = "<group>"; };
		4D0105991BCEA255005224A6 /* Info.plist */ = {isa = PBXFileReference; lastKnownFileType = text.plist.xml; path = Info.plist; sourceTree = "<group>"; };
		4D0105A51BCEA5B6005224A6 /* Card.swift */ = {isa = PBXFileReference; fileEncoding = 4; lastKnownFileType = sourcecode.swift; path = Card.swift; sourceTree = "<group>"; };
		4D0105A71BCECCBD005224A6 /* Deck.swift */ = {isa = PBXFileReference; fileEncoding = 4; lastKnownFileType = sourcecode.swift; path = Deck.swift; sourceTree = "<group>"; };
		4D0105AB1BCEE541005224A6 /* House.swift */ = {isa = PBXFileReference; fileEncoding = 4; lastKnownFileType = sourcecode.swift; path = House.swift; sourceTree = "<group>"; };
		4D0105AD1BCEE5DB005224A6 /* Player.swift */ = {isa = PBXFileReference; fileEncoding = 4; lastKnownFileType = sourcecode.swift; path = Player.swift; sourceTree = "<group>"; };
		4D0105AF1BCF2C6E005224A6 /* Dealer.swift */ = {isa = PBXFileReference; fileEncoding = 4; lastKnownFileType = sourcecode.swift; path = Dealer.swift; sourceTree = "<group>"; };
		4D0105B11BCF86C3005224A6 /* CardSpec.swift */ = {isa = PBXFileReference; fileEncoding = 4; lastKnownFileType = sourcecode.swift; path = CardSpec.swift; sourceTree = "<group>"; };
		4DCB73551BCFE399004BD6FE /* DeckSpec.swift */ = {isa = PBXFileReference; fileEncoding = 4; lastKnownFileType = sourcecode.swift; path = DeckSpec.swift; sourceTree = "<group>"; };
		B4A420B62E84DF16B0409DDC /* Pods_swift_blackjackUITests.framework */ = {isa = PBXFileReference; explicitFileType = wrapper.framework; includeInIndex = 0; path = Pods_swift_blackjackUITests.framework; sourceTree = BUILT_PRODUCTS_DIR; };
		F7B0612B134632F9DFCB7425 /* Pods_swift_blackjackTests.framework */ = {isa = PBXFileReference; explicitFileType = wrapper.framework; includeInIndex = 0; path = Pods_swift_blackjackTests.framework; sourceTree = BUILT_PRODUCTS_DIR; };
		FBD20EFCD7CC55F21556E1C1 /* Pods-swift-blackjackUITests.release.xcconfig */ = {isa = PBXFileReference; includeInIndex = 1; lastKnownFileType = text.xcconfig; name = "Pods-swift-blackjackUITests.release.xcconfig"; path = "Pods/Target Support Files/Pods-swift-blackjackUITests/Pods-swift-blackjackUITests.release.xcconfig"; sourceTree = "<group>"; };
/* End PBXFileReference section */

/* Begin PBXFrameworksBuildPhase section */
		4D0105711BCEA255005224A6 /* Frameworks */ = {
			isa = PBXFrameworksBuildPhase;
			buildActionMask = 2147483647;
			files = (
			);
			runOnlyForDeploymentPostprocessing = 0;
		};
		4D0105851BCEA255005224A6 /* Frameworks */ = {
			isa = PBXFrameworksBuildPhase;
			buildActionMask = 2147483647;
			files = (
				3147165D377F9DD8FCD32374 /* Pods_swift_blackjackTests.framework in Frameworks */,
			);
			runOnlyForDeploymentPostprocessing = 0;
		};
		4D0105901BCEA255005224A6 /* Frameworks */ = {
			isa = PBXFrameworksBuildPhase;
			buildActionMask = 2147483647;
			files = (
				F00103A6E965E956916C86CA /* Pods_swift_blackjackUITests.framework in Frameworks */,
			);
			runOnlyForDeploymentPostprocessing = 0;
		};
/* End PBXFrameworksBuildPhase section */

/* Begin PBXGroup section */
		4D01056B1BCEA255005224A6 = {
			isa = PBXGroup;
			children = (
				4D0105761BCEA255005224A6 /* swift-blackjack */,
				4D01058B1BCEA255005224A6 /* swift-blackjackTests */,
				4D0105961BCEA255005224A6 /* swift-blackjackUITests */,
				4D0105751BCEA255005224A6 /* Products */,
				AF6F7491420FE4F53AA51014 /* Pods */,
				64D083CC636A091AA2F7DE04 /* Frameworks */,
			);
			sourceTree = "<group>";
		};
		4D0105751BCEA255005224A6 /* Products */ = {
			isa = PBXGroup;
			children = (
				4D0105741BCEA255005224A6 /* swift-blackjack.app */,
				4D0105881BCEA255005224A6 /* swift-blackjackTests.xctest */,
				4D0105931BCEA255005224A6 /* swift-blackjackUITests.xctest */,
			);
			name = Products;
			sourceTree = "<group>";
		};
		4D0105761BCEA255005224A6 /* swift-blackjack */ = {
			isa = PBXGroup;
			children = (
				4D0105771BCEA255005224A6 /* AppDelegate.swift */,
				4D0105AF1BCF2C6E005224A6 /* Dealer.swift */,
				4D0105AD1BCEE5DB005224A6 /* Player.swift */,
				4D0105AB1BCEE541005224A6 /* House.swift */,
				4D0105A71BCECCBD005224A6 /* Deck.swift */,
				4D0105A51BCEA5B6005224A6 /* Card.swift */,
				4D01057E1BCEA255005224A6 /* Assets.xcassets */,
				4D01057B1BCEA255005224A6 /* Main.storyboard */,
				4D0105801BCEA255005224A6 /* LaunchScreen.storyboard */,
				4D0105831BCEA255005224A6 /* Info.plist */,
			);
			path = "swift-blackjack";
			sourceTree = "<group>";
		};
		4D01058B1BCEA255005224A6 /* swift-blackjackTests */ = {
			isa = PBXGroup;
			children = (
				4D01058C1BCEA255005224A6 /* swift_blackjackTests.swift */,
				4DCB73551BCFE399004BD6FE /* DeckSpec.swift */,
				4D0105B11BCF86C3005224A6 /* CardSpec.swift */,
				4D01058E1BCEA255005224A6 /* Info.plist */,
			);
			path = "swift-blackjackTests";
			sourceTree = "<group>";
		};
		4D0105961BCEA255005224A6 /* swift-blackjackUITests */ = {
			isa = PBXGroup;
			children = (
				4D0105971BCEA255005224A6 /* swift_blackjackUITests.swift */,
				4D0105991BCEA255005224A6 /* Info.plist */,
			);
			path = "swift-blackjackUITests";
			sourceTree = "<group>";
		};
		64D083CC636A091AA2F7DE04 /* Frameworks */ = {
			isa = PBXGroup;
			children = (
				F7B0612B134632F9DFCB7425 /* Pods_swift_blackjackTests.framework */,
				B4A420B62E84DF16B0409DDC /* Pods_swift_blackjackUITests.framework */,
			);
			name = Frameworks;
			sourceTree = "<group>";
		};
		AF6F7491420FE4F53AA51014 /* Pods */ = {
			isa = PBXGroup;
			children = (
				4CD1CC524C2A6DEE231E8B76 /* Pods-swift-blackjackTests.debug.xcconfig */,
				25AA0035E2CEB1FBF9A9C406 /* Pods-swift-blackjackTests.release.xcconfig */,
				21C1781C9D3CF1E31C22AA0C /* Pods-swift-blackjackUITests.debug.xcconfig */,
				FBD20EFCD7CC55F21556E1C1 /* Pods-swift-blackjackUITests.release.xcconfig */,
			);
			name = Pods;
			sourceTree = "<group>";
		};
/* End PBXGroup section */

/* Begin PBXNativeTarget section */
		4D0105731BCEA255005224A6 /* swift-blackjack */ = {
			isa = PBXNativeTarget;
			buildConfigurationList = 4D01059C1BCEA255005224A6 /* Build configuration list for PBXNativeTarget "swift-blackjack" */;
			buildPhases = (
				4D0105701BCEA255005224A6 /* Sources */,
				4D0105711BCEA255005224A6 /* Frameworks */,
				4D0105721BCEA255005224A6 /* Resources */,
			);
			buildRules = (
			);
			dependencies = (
			);
			name = "swift-blackjack";
			productName = "swift-blackjack";
			productReference = 4D0105741BCEA255005224A6 /* swift-blackjack.app */;
			productType = "com.apple.product-type.application";
		};
		4D0105871BCEA255005224A6 /* swift-blackjackTests */ = {
			isa = PBXNativeTarget;
			buildConfigurationList = 4D01059F1BCEA255005224A6 /* Build configuration list for PBXNativeTarget "swift-blackjackTests" */;
			buildPhases = (
				CC3B7A807602C07657501D20 /* Check Pods Manifest.lock */,
				4D0105841BCEA255005224A6 /* Sources */,
				4D0105851BCEA255005224A6 /* Frameworks */,
				4D0105861BCEA255005224A6 /* Resources */,
				D4C8A0FF889E9F987D99E39F /* Embed Pods Frameworks */,
				45907D06F08CD3390B87EE1A /* Copy Pods Resources */,
			);
			buildRules = (
			);
			dependencies = (
				4D01058A1BCEA255005224A6 /* PBXTargetDependency */,
			);
			name = "swift-blackjackTests";
			productName = "swift-blackjackTests";
			productReference = 4D0105881BCEA255005224A6 /* swift-blackjackTests.xctest */;
			productType = "com.apple.product-type.bundle.unit-test";
		};
		4D0105921BCEA255005224A6 /* swift-blackjackUITests */ = {
			isa = PBXNativeTarget;
			buildConfigurationList = 4D0105A21BCEA255005224A6 /* Build configuration list for PBXNativeTarget "swift-blackjackUITests" */;
			buildPhases = (
				789D90FD8C25AE36F4ACA3A1 /* Check Pods Manifest.lock */,
				4D01058F1BCEA255005224A6 /* Sources */,
				4D0105901BCEA255005224A6 /* Frameworks */,
				4D0105911BCEA255005224A6 /* Resources */,
				9A44BA1A06310E667AF311AA /* Copy Pods Resources */,
			);
			buildRules = (
			);
			dependencies = (
				4D0105951BCEA255005224A6 /* PBXTargetDependency */,
			);
			name = "swift-blackjackUITests";
			productName = "swift-blackjackUITests";
			productReference = 4D0105931BCEA255005224A6 /* swift-blackjackUITests.xctest */;
			productType = "com.apple.product-type.bundle.ui-testing";
		};
/* End PBXNativeTarget section */

/* Begin PBXProject section */
		4D01056C1BCEA255005224A6 /* Project object */ = {
			isa = PBXProject;
			attributes = {
				LastUpgradeCheck = 0700;
				ORGANIZATIONNAME = "Flatiron School";
				TargetAttributes = {
					4D0105731BCEA255005224A6 = {
						CreatedOnToolsVersion = 7.0;
					};
					4D0105871BCEA255005224A6 = {
						CreatedOnToolsVersion = 7.0;
						TestTargetID = 4D0105731BCEA255005224A6;
					};
					4D0105921BCEA255005224A6 = {
						CreatedOnToolsVersion = 7.0;
						TestTargetID = 4D0105731BCEA255005224A6;
					};
				};
			};
			buildConfigurationList = 4D01056F1BCEA255005224A6 /* Build configuration list for PBXProject "swift-blackjack" */;
			compatibilityVersion = "Xcode 3.2";
			developmentRegion = English;
			hasScannedForEncodings = 0;
			knownRegions = (
				en,
				Base,
			);
			mainGroup = 4D01056B1BCEA255005224A6;
			productRefGroup = 4D0105751BCEA255005224A6 /* Products */;
			projectDirPath = "";
			projectRoot = "";
			targets = (
				4D0105731BCEA255005224A6 /* swift-blackjack */,
				4D0105871BCEA255005224A6 /* swift-blackjackTests */,
				4D0105921BCEA255005224A6 /* swift-blackjackUITests */,
			);
		};
/* End PBXProject section */

/* Begin PBXResourcesBuildPhase section */
		4D0105721BCEA255005224A6 /* Resources */ = {
			isa = PBXResourcesBuildPhase;
			buildActionMask = 2147483647;
			files = (
				4D0105821BCEA255005224A6 /* LaunchScreen.storyboard in Resources */,
				4D01057F1BCEA255005224A6 /* Assets.xcassets in Resources */,
				4D01057D1BCEA255005224A6 /* Main.storyboard in Resources */,
			);
			runOnlyForDeploymentPostprocessing = 0;
		};
		4D0105861BCEA255005224A6 /* Resources */ = {
			isa = PBXResourcesBuildPhase;
			buildActionMask = 2147483647;
			files = (
			);
			runOnlyForDeploymentPostprocessing = 0;
		};
		4D0105911BCEA255005224A6 /* Resources */ = {
			isa = PBXResourcesBuildPhase;
			buildActionMask = 2147483647;
			files = (
			);
			runOnlyForDeploymentPostprocessing = 0;
		};
/* End PBXResourcesBuildPhase section */

/* Begin PBXShellScriptBuildPhase section */
		45907D06F08CD3390B87EE1A /* Copy Pods Resources */ = {
			isa = PBXShellScriptBuildPhase;
			buildActionMask = 2147483647;
			files = (
			);
			inputPaths = (
			);
			name = "Copy Pods Resources";
			outputPaths = (
			);
			runOnlyForDeploymentPostprocessing = 0;
			shellPath = /bin/sh;
			shellScript = "\"${SRCROOT}/Pods/Target Support Files/Pods-swift-blackjackTests/Pods-swift-blackjackTests-resources.sh\"\n";
			showEnvVarsInLog = 0;
		};
		789D90FD8C25AE36F4ACA3A1 /* Check Pods Manifest.lock */ = {
			isa = PBXShellScriptBuildPhase;
			buildActionMask = 2147483647;
			files = (
			);
			inputPaths = (
			);
			name = "Check Pods Manifest.lock";
			outputPaths = (
			);
			runOnlyForDeploymentPostprocessing = 0;
			shellPath = /bin/sh;
			shellScript = "diff \"${PODS_ROOT}/../Podfile.lock\" \"${PODS_ROOT}/Manifest.lock\" > /dev/null\nif [[ $? != 0 ]] ; then\n    cat << EOM\nerror: The sandbox is not in sync with the Podfile.lock. Run 'pod install' or update your CocoaPods installation.\nEOM\n    exit 1\nfi\n";
			showEnvVarsInLog = 0;
		};
		9A44BA1A06310E667AF311AA /* Copy Pods Resources */ = {
			isa = PBXShellScriptBuildPhase;
			buildActionMask = 2147483647;
			files = (
			);
			inputPaths = (
			);
			name = "Copy Pods Resources";
			outputPaths = (
			);
			runOnlyForDeploymentPostprocessing = 0;
			shellPath = /bin/sh;
			shellScript = "\"${SRCROOT}/Pods/Target Support Files/Pods-swift-blackjackUITests/Pods-swift-blackjackUITests-resources.sh\"\n";
			showEnvVarsInLog = 0;
		};
		CC3B7A807602C07657501D20 /* Check Pods Manifest.lock */ = {
			isa = PBXShellScriptBuildPhase;
			buildActionMask = 2147483647;
			files = (
			);
			inputPaths = (
			);
			name = "Check Pods Manifest.lock";
			outputPaths = (
			);
			runOnlyForDeploymentPostprocessing = 0;
			shellPath = /bin/sh;
			shellScript = "diff \"${PODS_ROOT}/../Podfile.lock\" \"${PODS_ROOT}/Manifest.lock\" > /dev/null\nif [[ $? != 0 ]] ; then\n    cat << EOM\nerror: The sandbox is not in sync with the Podfile.lock. Run 'pod install' or update your CocoaPods installation.\nEOM\n    exit 1\nfi\n";
			showEnvVarsInLog = 0;
		};
		D4C8A0FF889E9F987D99E39F /* Embed Pods Frameworks */ = {
			isa = PBXShellScriptBuildPhase;
			buildActionMask = 2147483647;
			files = (
			);
			inputPaths = (
			);
			name = "Embed Pods Frameworks";
			outputPaths = (
			);
			runOnlyForDeploymentPostprocessing = 0;
			shellPath = /bin/sh;
			shellScript = "\"${SRCROOT}/Pods/Target Support Files/Pods-swift-blackjackTests/Pods-swift-blackjackTests-frameworks.sh\"\n";
			showEnvVarsInLog = 0;
		};
/* End PBXShellScriptBuildPhase section */

/* Begin PBXSourcesBuildPhase section */
		4D0105701BCEA255005224A6 /* Sources */ = {
			isa = PBXSourcesBuildPhase;
			buildActionMask = 2147483647;
			files = (
				4D0105A81BCECCBD005224A6 /* Deck.swift in Sources */,
				4D0105781BCEA255005224A6 /* AppDelegate.swift in Sources */,
				4D0105B01BCF2C6E005224A6 /* Dealer.swift in Sources */,
				4D0105AC1BCEE541005224A6 /* House.swift in Sources */,
				4D0105AE1BCEE5DB005224A6 /* Player.swift in Sources */,
				4D0105A61BCEA5B6005224A6 /* Card.swift in Sources */,
			);
			runOnlyForDeploymentPostprocessing = 0;
		};
		4D0105841BCEA255005224A6 /* Sources */ = {
			isa = PBXSourcesBuildPhase;
			buildActionMask = 2147483647;
			files = (
				4DCB73561BCFE399004BD6FE /* DeckSpec.swift in Sources */,
				4D01058D1BCEA255005224A6 /* swift_blackjackTests.swift in Sources */,
				4D0105B21BCF86C4005224A6 /* CardSpec.swift in Sources */,
			);
			runOnlyForDeploymentPostprocessing = 0;
		};
		4D01058F1BCEA255005224A6 /* Sources */ = {
			isa = PBXSourcesBuildPhase;
			buildActionMask = 2147483647;
			files = (
				4D0105981BCEA255005224A6 /* swift_blackjackUITests.swift in Sources */,
			);
			runOnlyForDeploymentPostprocessing = 0;
		};
/* End PBXSourcesBuildPhase section */

/* Begin PBXTargetDependency section */
		4D01058A1BCEA255005224A6 /* PBXTargetDependency */ = {
			isa = PBXTargetDependency;
			target = 4D0105731BCEA255005224A6 /* swift-blackjack */;
			targetProxy = 4D0105891BCEA255005224A6 /* PBXContainerItemProxy */;
		};
		4D0105951BCEA255005224A6 /* PBXTargetDependency */ = {
			isa = PBXTargetDependency;
			target = 4D0105731BCEA255005224A6 /* swift-blackjack */;
			targetProxy = 4D0105941BCEA255005224A6 /* PBXContainerItemProxy */;
		};
/* End PBXTargetDependency section */

/* Begin PBXVariantGroup section */
		4D01057B1BCEA255005224A6 /* Main.storyboard */ = {
			isa = PBXVariantGroup;
			children = (
				4D01057C1BCEA255005224A6 /* Base */,
			);
			name = Main.storyboard;
			sourceTree = "<group>";
		};
		4D0105801BCEA255005224A6 /* LaunchScreen.storyboard */ = {
			isa = PBXVariantGroup;
			children = (
				4D0105811BCEA255005224A6 /* Base */,
			);
			name = LaunchScreen.storyboard;
			sourceTree = "<group>";
		};
/* End PBXVariantGroup section */

/* Begin XCBuildConfiguration section */
		4D01059A1BCEA255005224A6 /* Debug */ = {
			isa = XCBuildConfiguration;
			buildSettings = {
				ALWAYS_SEARCH_USER_PATHS = NO;
				CLANG_CXX_LANGUAGE_STANDARD = "gnu++0x";
				CLANG_CXX_LIBRARY = "libc++";
				CLANG_ENABLE_MODULES = YES;
				CLANG_ENABLE_OBJC_ARC = YES;
				CLANG_WARN_BOOL_CONVERSION = YES;
				CLANG_WARN_CONSTANT_CONVERSION = YES;
				CLANG_WARN_DIRECT_OBJC_ISA_USAGE = YES_ERROR;
				CLANG_WARN_EMPTY_BODY = YES;
				CLANG_WARN_ENUM_CONVERSION = YES;
				CLANG_WARN_INT_CONVERSION = YES;
				CLANG_WARN_OBJC_ROOT_CLASS = YES_ERROR;
				CLANG_WARN_UNREACHABLE_CODE = YES;
				CLANG_WARN__DUPLICATE_METHOD_MATCH = YES;
				"CODE_SIGN_IDENTITY[sdk=iphoneos*]" = "iPhone Developer";
				COPY_PHASE_STRIP = NO;
				DEBUG_INFORMATION_FORMAT = dwarf;
				ENABLE_STRICT_OBJC_MSGSEND = YES;
				ENABLE_TESTABILITY = YES;
				GCC_C_LANGUAGE_STANDARD = gnu99;
				GCC_DYNAMIC_NO_PIC = NO;
				GCC_NO_COMMON_BLOCKS = YES;
				GCC_OPTIMIZATION_LEVEL = 0;
				GCC_PREPROCESSOR_DEFINITIONS = (
					"DEBUG=1",
					"$(inherited)",
				);
				GCC_WARN_64_TO_32_BIT_CONVERSION = YES;
				GCC_WARN_ABOUT_RETURN_TYPE = YES_ERROR;
				GCC_WARN_UNDECLARED_SELECTOR = YES;
				GCC_WARN_UNINITIALIZED_AUTOS = YES_AGGRESSIVE;
				GCC_WARN_UNUSED_FUNCTION = YES;
				GCC_WARN_UNUSED_VARIABLE = YES;
				IPHONEOS_DEPLOYMENT_TARGET = 9.0;
				MTL_ENABLE_DEBUG_INFO = YES;
				ONLY_ACTIVE_ARCH = YES;
				SDKROOT = iphoneos;
				SWIFT_OPTIMIZATION_LEVEL = "-Onone";
			};
			name = Debug;
		};
		4D01059B1BCEA255005224A6 /* Release */ = {
			isa = XCBuildConfiguration;
			buildSettings = {
				ALWAYS_SEARCH_USER_PATHS = NO;
				CLANG_CXX_LANGUAGE_STANDARD = "gnu++0x";
				CLANG_CXX_LIBRARY = "libc++";
				CLANG_ENABLE_MODULES = YES;
				CLANG_ENABLE_OBJC_ARC = YES;
				CLANG_WARN_BOOL_CONVERSION = YES;
				CLANG_WARN_CONSTANT_CONVERSION = YES;
				CLANG_WARN_DIRECT_OBJC_ISA_USAGE = YES_ERROR;
				CLANG_WARN_EMPTY_BODY = YES;
				CLANG_WARN_ENUM_CONVERSION = YES;
				CLANG_WARN_INT_CONVERSION = YES;
				CLANG_WARN_OBJC_ROOT_CLASS = YES_ERROR;
				CLANG_WARN_UNREACHABLE_CODE = YES;
				CLANG_WARN__DUPLICATE_METHOD_MATCH = YES;
				"CODE_SIGN_IDENTITY[sdk=iphoneos*]" = "iPhone Developer";
				COPY_PHASE_STRIP = NO;
				DEBUG_INFORMATION_FORMAT = "dwarf-with-dsym";
				ENABLE_NS_ASSERTIONS = NO;
				ENABLE_STRICT_OBJC_MSGSEND = YES;
				GCC_C_LANGUAGE_STANDARD = gnu99;
				GCC_NO_COMMON_BLOCKS = YES;
				GCC_WARN_64_TO_32_BIT_CONVERSION = YES;
				GCC_WARN_ABOUT_RETURN_TYPE = YES_ERROR;
				GCC_WARN_UNDECLARED_SELECTOR = YES;
				GCC_WARN_UNINITIALIZED_AUTOS = YES_AGGRESSIVE;
				GCC_WARN_UNUSED_FUNCTION = YES;
				GCC_WARN_UNUSED_VARIABLE = YES;
				IPHONEOS_DEPLOYMENT_TARGET = 9.0;
				MTL_ENABLE_DEBUG_INFO = NO;
				SDKROOT = iphoneos;
				VALIDATE_PRODUCT = YES;
			};
			name = Release;
		};
		4D01059D1BCEA255005224A6 /* Debug */ = {
			isa = XCBuildConfiguration;
			buildSettings = {
				ASSETCATALOG_COMPILER_APPICON_NAME = AppIcon;
				INFOPLIST_FILE = "swift-blackjack/Info.plist";
				LD_RUNPATH_SEARCH_PATHS = "$(inherited) @executable_path/Frameworks";
				PRODUCT_BUNDLE_IDENTIFIER = "FlatironSchool.swift-blackjack";
				PRODUCT_NAME = "$(TARGET_NAME)";
			};
			name = Debug;
		};
		4D01059E1BCEA255005224A6 /* Release */ = {
			isa = XCBuildConfiguration;
			buildSettings = {
				ASSETCATALOG_COMPILER_APPICON_NAME = AppIcon;
				INFOPLIST_FILE = "swift-blackjack/Info.plist";
				LD_RUNPATH_SEARCH_PATHS = "$(inherited) @executable_path/Frameworks";
				PRODUCT_BUNDLE_IDENTIFIER = "FlatironSchool.swift-blackjack";
				PRODUCT_NAME = "$(TARGET_NAME)";
			};
			name = Release;
		};
		4D0105A01BCEA255005224A6 /* Debug */ = {
			isa = XCBuildConfiguration;
			baseConfigurationReference = 4CD1CC524C2A6DEE231E8B76 /* Pods-swift-blackjackTests.debug.xcconfig */;
			buildSettings = {
				BUNDLE_LOADER = "$(TEST_HOST)";
				INFOPLIST_FILE = "swift-blackjackTests/Info.plist";
				LD_RUNPATH_SEARCH_PATHS = "$(inherited) @executable_path/Frameworks @loader_path/Frameworks";
				PRODUCT_BUNDLE_IDENTIFIER = "FlatironSchool.swift-blackjackTests";
				PRODUCT_NAME = "$(TARGET_NAME)";
				TEST_HOST = "$(BUILT_PRODUCTS_DIR)/swift-blackjack.app/swift-blackjack";
			};
			name = Debug;
		};
		4D0105A11BCEA255005224A6 /* Release */ = {
			isa = XCBuildConfiguration;
			baseConfigurationReference = 25AA0035E2CEB1FBF9A9C406 /* Pods-swift-blackjackTests.release.xcconfig */;
			buildSettings = {
				BUNDLE_LOADER = "$(TEST_HOST)";
				INFOPLIST_FILE = "swift-blackjackTests/Info.plist";
				LD_RUNPATH_SEARCH_PATHS = "$(inherited) @executable_path/Frameworks @loader_path/Frameworks";
				PRODUCT_BUNDLE_IDENTIFIER = "FlatironSchool.swift-blackjackTests";
				PRODUCT_NAME = "$(TARGET_NAME)";
				TEST_HOST = "$(BUILT_PRODUCTS_DIR)/swift-blackjack.app/swift-blackjack";
			};
			name = Release;
		};
		4D0105A31BCEA255005224A6 /* Debug */ = {
			isa = XCBuildConfiguration;
			baseConfigurationReference = 21C1781C9D3CF1E31C22AA0C /* Pods-swift-blackjackUITests.debug.xcconfig */;
			buildSettings = {
				INFOPLIST_FILE = "swift-blackjackUITests/Info.plist";
				LD_RUNPATH_SEARCH_PATHS = "$(inherited) @executable_path/Frameworks @loader_path/Frameworks";
				PRODUCT_BUNDLE_IDENTIFIER = "FlatironSchool.swift-blackjackUITests";
				PRODUCT_NAME = "$(TARGET_NAME)";
				TEST_TARGET_NAME = "swift-blackjack";
				USES_XCTRUNNER = YES;
			};
			name = Debug;
		};
		4D0105A41BCEA255005224A6 /* Release */ = {
			isa = XCBuildConfiguration;
			baseConfigurationReference = FBD20EFCD7CC55F21556E1C1 /* Pods-swift-blackjackUITests.release.xcconfig */;
			buildSettings = {
				INFOPLIST_FILE = "swift-blackjackUITests/Info.plist";
				LD_RUNPATH_SEARCH_PATHS = "$(inherited) @executable_path/Frameworks @loader_path/Frameworks";
				PRODUCT_BUNDLE_IDENTIFIER = "FlatironSchool.swift-blackjackUITests";
				PRODUCT_NAME = "$(TARGET_NAME)";
				TEST_TARGET_NAME = "swift-blackjack";
				USES_XCTRUNNER = YES;
			};
			name = Release;
		};
/* End XCBuildConfiguration section */

/* Begin XCConfigurationList section */
		4D01056F1BCEA255005224A6 /* Build configuration list for PBXProject "swift-blackjack" */ = {
			isa = XCConfigurationList;
			buildConfigurations = (
				4D01059A1BCEA255005224A6 /* Debug */,
				4D01059B1BCEA255005224A6 /* Release */,
			);
			defaultConfigurationIsVisible = 0;
			defaultConfigurationName = Release;
		};
		4D01059C1BCEA255005224A6 /* Build configuration list for PBXNativeTarget "swift-blackjack" */ = {
			isa = XCConfigurationList;
			buildConfigurations = (
				4D01059D1BCEA255005224A6 /* Debug */,
				4D01059E1BCEA255005224A6 /* Release */,
			);
			defaultConfigurationIsVisible = 0;
			defaultConfigurationName = Release;
		};
		4D01059F1BCEA255005224A6 /* Build configuration list for PBXNativeTarget "swift-blackjackTests" */ = {
			isa = XCConfigurationList;
			buildConfigurations = (
				4D0105A01BCEA255005224A6 /* Debug */,
				4D0105A11BCEA255005224A6 /* Release */,
			);
			defaultConfigurationIsVisible = 0;
			defaultConfigurationName = Release;
		};
		4D0105A21BCEA255005224A6 /* Build configuration list for PBXNativeTarget "swift-blackjackUITests" */ = {
			isa = XCConfigurationList;
			buildConfigurations = (
				4D0105A31BCEA255005224A6 /* Debug */,
				4D0105A41BCEA255005224A6 /* Release */,
			);
			defaultConfigurationIsVisible = 0;
			defaultConfigurationName = Release;
		};
/* End XCConfigurationList section */
	};
	rootObject = 4D01056C1BCEA255005224A6 /* Project object */;
}
